
Microsoft Visual Studio Solution File, Format Version 12.00
Project("{FAE04EC0-301F-11D3-BF4B-00C04F79EFBC}") = "ChallengeA1", "ChallengeA1\ChallengeA1.csproj", "{CCFE69EF-388C-408C-AB4C-1E1488913306}"
EndProject
Project("{FAE04EC0-301F-11D3-BF4B-00C04F79EFBC}") = "ChallengeB-E", "ChallengeB-E\ChallengeB-E.csproj", "{3D7998A4-2D0D-437F-9986-C4F993C1FBC7}"
EndProject
Project("{FAE04EC0-301F-11D3-BF4B-00C04F79EFBC}") = "Client", "Client\Client.csproj", "{168BE7BC-08A8-4713-A9DF-F49D1AE3E437}"
EndProject
Project("{FAE04EC0-301F-11D3-BF4B-00C04F79EFBC}") = "ChallengeA2", "ChallengeA2\ChallengeA2.csproj", "{6512CC72-40B5-4FC3-A79B-001AA8B3949E}"
EndProject
Project("{FAE04EC0-301F-11D3-BF4B-00C04F79EFBC}") = "ChallengeB-M", "ChallengeB-M\ChallengeB-M.csproj", "{3519B556-D015-4F25-8D26-9DC3C9843B7E}"
EndProject
Project("{FAE04EC0-301F-11D3-BF4B-00C04F79EFBC}") = "ChallengeA3", "ChallengeA3\ChallengeA3.csproj", "{FF0625AB-0636-4352-BDF0-911834B44D15}"
EndProject
Global
	GlobalSection(SolutionConfigurationPlatforms) = preSolution
		Debug|Any CPU = Debug|Any CPU
		Release|Any CPU = Release|Any CPU
	EndGlobalSection
	GlobalSection(ProjectConfigurationPlatforms) = postSolution
		{CCFE69EF-388C-408C-AB4C-1E1488913306}.Debug|Any CPU.ActiveCfg = Debug|Any CPU
		{CCFE69EF-388C-408C-AB4C-1E1488913306}.Debug|Any CPU.Build.0 = Debug|Any CPU
		{CCFE69EF-388C-408C-AB4C-1E1488913306}.Release|Any CPU.ActiveCfg = Release|Any CPU
		{CCFE69EF-388C-408C-AB4C-1E1488913306}.Release|Any CPU.Build.0 = Release|Any CPU
		{3D7998A4-2D0D-437F-9986-C4F993C1FBC7}.Debug|Any CPU.ActiveCfg = Debug|Any CPU
		{3D7998A4-2D0D-437F-9986-C4F993C1FBC7}.Debug|Any CPU.Build.0 = Debug|Any CPU
		{3D7998A4-2D0D-437F-9986-C4F993C1FBC7}.Release|Any CPU.ActiveCfg = Release|Any CPU
		{3D7998A4-2D0D-437F-9986-C4F993C1FBC7}.Release|Any CPU.Build.0 = Release|Any CPU
		{168BE7BC-08A8-4713-A9DF-F49D1AE3E437}.Debug|Any CPU.ActiveCfg = Debug|Any CPU
		{168BE7BC-08A8-4713-A9DF-F49D1AE3E437}.Debug|Any CPU.Build.0 = Debug|Any CPU
		{168BE7BC-08A8-4713-A9DF-F49D1AE3E437}.Release|Any CPU.ActiveCfg = Release|Any CPU
		{168BE7BC-08A8-4713-A9DF-F49D1AE3E437}.Release|Any CPU.Build.0 = Release|Any CPU
		{6512CC72-40B5-4FC3-A79B-001AA8B3949E}.Debug|Any CPU.ActiveCfg = Debug|Any CPU
		{6512CC72-40B5-4FC3-A79B-001AA8B3949E}.Debug|Any CPU.Build.0 = Debug|Any CPU
		{6512CC72-40B5-4FC3-A79B-001AA8B3949E}.Release|Any CPU.ActiveCfg = Release|Any CPU
		{6512CC72-40B5-4FC3-A79B-001AA8B3949E}.Release|Any CPU.Build.0 = Release|Any CPU
		{3519B556-D015-4F25-8D26-9DC3C9843B7E}.Debug|Any CPU.ActiveCfg = Debug|Any CPU
		{3519B556-D015-4F25-8D26-9DC3C9843B7E}.Debug|Any CPU.Build.0 = Debug|Any CPU
		{3519B556-D015-4F25-8D26-9DC3C9843B7E}.Release|Any CPU.ActiveCfg = Release|Any CPU
		{3519B556-D015-4F25-8D26-9DC3C9843B7E}.Release|Any CPU.Build.0 = Release|Any CPU
		{FF0625AB-0636-4352-BDF0-911834B44D15}.Debug|Any CPU.ActiveCfg = Debug|Any CPU
		{FF0625AB-0636-4352-BDF0-911834B44D15}.Debug|Any CPU.Build.0 = Debug|Any CPU
		{FF0625AB-0636-4352-BDF0-911834B44D15}.Release|Any CPU.ActiveCfg = Release|Any CPU
		{FF0625AB-0636-4352-BDF0-911834B44D15}.Release|Any CPU.Build.0 = Release|Any CPU
	EndGlobalSection
EndGlobal
